
Microsoft Visual Studio Solution File, Format Version 12.00
# Visual Studio Version 17
VisualStudioVersion = 17.0.31903.59
MinimumVisualStudioVersion = 10.0.40219.1
Project("{FAE04EC0-301F-11D3-BF4B-00C04F79EFBC}") = "NSubstitute.Microsoft.Logging", "NSubstitute.Microsoft.Logging\NSubstitute.Microsoft.Logging.csproj", "{71F36383-F662-4233-9658-B4DD99CFC1C4}"
EndProject
Project("{FAE04EC0-301F-11D3-BF4B-00C04F79EFBC}") = "NSubstitute.Microsoft.Logging.Tests", "NSubstitute.Microsoft.Logging.Tests\NSubstitute.Microsoft.Logging.Tests.csproj", "{CDCAA8BC-947F-4972-AC17-E202B4C4E48B}"
EndProject
Global
	GlobalSection(SolutionConfigurationPlatforms) = preSolution
		Debug|Any CPU = Debug|Any CPU
		Release|Any CPU = Release|Any CPU
	EndGlobalSection
	GlobalSection(SolutionProperties) = preSolution
		HideSolutionNode = FALSE
	EndGlobalSection
	GlobalSection(ProjectConfigurationPlatforms) = postSolution
		{71F36383-F662-4233-9658-B4DD99CFC1C4}.Debug|Any CPU.ActiveCfg = Debug|Any CPU
		{71F36383-F662-4233-9658-B4DD99CFC1C4}.Debug|Any CPU.Build.0 = Debug|Any CPU
		{71F36383-F662-4233-9658-B4DD99CFC1C4}.Release|Any CPU.ActiveCfg = Release|Any CPU
		{71F36383-F662-4233-9658-B4DD99CFC1C4}.Release|Any CPU.Build.0 = Release|Any CPU
		{CDCAA8BC-947F-4972-AC17-E202B4C4E48B}.Debug|Any CPU.ActiveCfg = Debug|Any CPU
		{CDCAA8BC-947F-4972-AC17-E202B4C4E48B}.Debug|Any CPU.Build.0 = Debug|Any CPU
		{CDCAA8BC-947F-4972-AC17-E202B4C4E48B}.Release|Any CPU.ActiveCfg = Release|Any CPU
		{CDCAA8BC-947F-4972-AC17-E202B4C4E48B}.Release|Any CPU.Build.0 = Release|Any CPU
	EndGlobalSection
EndGlobal
